
Microsoft Visual Studio Solution File, Format Version 12.00
# Visual Studio Version 17
VisualStudioVersion = 17.14.35821.62 d17.14
MinimumVisualStudioVersion = 10.0.40219.1
Project("{FAE04EC0-301F-11D3-BF4B-00C04F79EFBC}") = "ExampleMvvmPattern", "ExampleMvvmPattern.csproj", "{EC64A782-9527-4C93-A81E-B690F1D3AE12}"
EndProject
Global
	GlobalSection(SolutionConfigurationPlatforms) = preSolution
		Debug|Any CPU = Debug|Any CPU
		Release|Any CPU = Release|Any CPU
	EndGlobalSection
	GlobalSection(ProjectConfigurationPlatforms) = postSolution
		{EC64A782-9527-4C93-A81E-B690F1D3AE12}.Debug|Any CPU.ActiveCfg = Debug|Any CPU
		{EC64A782-9527-4C93-A81E-B690F1D3AE12}.Debug|Any CPU.Build.0 = Debug|Any CPU
		{EC64A782-9527-4C93-A81E-B690F1D3AE12}.Release|Any CPU.ActiveCfg = Release|Any CPU
		{EC64A782-9527-4C93-A81E-B690F1D3AE12}.Release|Any CPU.Build.0 = Release|Any CPU
	EndGlobalSection
	GlobalSection(SolutionProperties) = preSolution
		HideSolutionNode = FALSE
	EndGlobalSection
	GlobalSection(ExtensibilityGlobals) = postSolution
		SolutionGuid = {E96FD3A9-4BFD-45A4-BCC8-8B16A4B2AFAE}
	EndGlobalSection
EndGlobal
